{
  "name": "airpack",
  "version": "0.1.1",
  "lockfileVersion": 1,
  "requires": true,
  "dependencies": {
    "@arzyu/get-json": {
      "version": "1.0.0",
      "resolved": "https://registry.npmjs.org/@arzyu/get-json/-/get-json-1.0.0.tgz",
      "integrity": "sha512-BcfWp8WrqlOBo3zvkUR32uAbaldugC17l1kkIwMEpNQRifksuxYDc6H/1sn1rWt5Y0bH5K70Cjhu3M4CBGwY9Q==",
      "requires": {
        "@types/node": "^12.7.4"
      },
      "dependencies": {
        "@types/node": {
          "version": "12.7.4",
          "resolved": "https://registry.npmjs.org/@types/node/-/node-12.7.4.tgz",
          "integrity": "sha512-W0+n1Y+gK/8G2P/piTkBBN38Qc5Q1ZSO6B5H3QmPCUewaiXOo2GCAWZ4ElZCcNhjJuBSUSLGFUJnmlCn5+nxOQ=="
        }
      }
    },
    "@types/anymatch": {
      "version": "1.3.1",
      "resolved": "https://registry.npmjs.org/@types/anymatch/-/anymatch-1.3.1.tgz",
      "integrity": "sha512-/+CRPXpBDpo2RK9C68N3b2cOvO0Cf5B9aPijHsoDQTHivnGSObdOF2BRQOYjojWTDy6nQvMjmqRXIxH55VjxxA==",
      "dev": true
    },
    "@types/node": {
      "version": "12.0.8",
      "resolved": "https://registry.npmjs.org/@types/node/-/node-12.0.8.tgz",
      "integrity": "sha512-b8bbUOTwzIY3V5vDTY1fIJ+ePKDUBqt2hC2woVGotdQQhG/2Sh62HOKHrT7ab+VerXAcPyAiTEipPu/FsreUtg==",
      "dev": true
    },
    "@types/source-list-map": {
      "version": "0.1.2",
      "resolved": "https://registry.npmjs.org/@types/source-list-map/-/source-list-map-0.1.2.tgz",
      "integrity": "sha512-K5K+yml8LTo9bWJI/rECfIPrGgxdpeNbj+d53lwN4QjW1MCwlkhUms+gtdzigTeUyBr09+u8BwOIY3MXvHdcsA==",
      "dev": true
    },
    "@types/tapable": {
      "version": "1.0.5",
      "resolved": "https://registry.npmjs.org/@types/tapable/-/tapable-1.0.5.tgz",
      "integrity": "sha512-/gG2M/Imw7cQFp8PGvz/SwocNrmKFjFsm5Pb8HdbHkZ1K8pmuPzOX4VeVoiEecFCVf4CsN1r3/BRvx+6sNqwtQ==",
      "dev": true
    },
    "@types/uglify-js": {
      "version": "3.0.4",
      "resolved": "https://registry.npmjs.org/@types/uglify-js/-/uglify-js-3.0.4.tgz",
      "integrity": "sha512-SudIN9TRJ+v8g5pTG8RRCqfqTMNqgWCKKd3vtynhGzkIIjxaicNAMuY5TRadJ6tzDu3Dotf3ngaMILtmOdmWEQ==",
      "dev": true,
      "requires": {
        "source-map": "^0.6.1"
      }
    },
    "@types/webpack": {
      "version": "4.41.7",
      "resolved": "https://registry.npmjs.org/@types/webpack/-/webpack-4.41.7.tgz",
      "integrity": "sha512-OQG9viYwO0V1NaNV7d0n79V+n6mjOV30CwgFPIfTzwmk8DHbt+C4f2aBGdCYbo3yFyYD6sjXfqqOjwkl1j+ulA==",
      "dev": true,
      "requires": {
        "@types/anymatch": "*",
        "@types/node": "*",
        "@types/tapable": "*",
        "@types/uglify-js": "*",
        "@types/webpack-sources": "*",
        "source-map": "^0.6.0"
      }
    },
    "@types/webpack-merge": {
      "version": "4.1.5",
      "resolved": "https://registry.npmjs.org/@types/webpack-merge/-/webpack-merge-4.1.5.tgz",
      "integrity": "sha512-cbDo592ljSHeaVe5Q39JKN6Z4vMhmo4+C3JbksOIg+kjhKQYN2keGN7dvr/i18+dughij98Qrsfn1mU9NgVoCA==",
      "dev": true,
      "requires": {
        "@types/webpack": "*"
      }
    },
    "@types/webpack-sources": {
      "version": "0.1.6",
      "resolved": "https://registry.npmjs.org/@types/webpack-sources/-/webpack-sources-0.1.6.tgz",
      "integrity": "sha512-FtAWR7wR5ocJ9+nP137DV81tveD/ZgB1sadnJ/axUGM3BUVfRPx8oQNMtv3JNfTeHx3VP7cXiyfR/jmtEsVHsQ==",
      "dev": true,
      "requires": {
        "@types/node": "*",
        "@types/source-list-map": "*",
        "source-map": "^0.6.1"
      }
    },
    "arg": {
      "version": "4.1.3",
      "resolved": "https://registry.npm.taobao.org/arg/download/arg-4.1.3.tgz?cache=0&sync_timestamp=1580666454632&other_urls=https%3A%2F%2Fregistry.npm.taobao.org%2Farg%2Fdownload%2Farg-4.1.3.tgz",
      "integrity": "sha1-Jp/HrVuOQstjyJbVZmAXJhwUQIk=",
      "dev": true
    },
    "buffer-from": {
      "version": "1.1.1",
      "resolved": "https://registry.npm.taobao.org/buffer-from/download/buffer-from-1.1.1.tgz",
      "integrity": "sha1-MnE7wCj3XAL9txDXx7zsHyxgcO8=",
      "dev": true
    },
    "commander": {
      "version": "5.0.0",
      "resolved": "https://registry.npm.taobao.org/commander/download/commander-5.0.0.tgz?cache=0&sync_timestamp=1584148407069&other_urls=https%3A%2F%2Fregistry.npm.taobao.org%2Fcommander%2Fdownload%2Fcommander-5.0.0.tgz",
      "integrity": "sha1-2/GQm0nlBE+P2vCtyAnwwHIr39A="
    },
    "diff": {
      "version": "4.0.2",
      "resolved": "https://registry.npm.taobao.org/diff/download/diff-4.0.2.tgz?cache=0&sync_timestamp=1578890988059&other_urls=https%3A%2F%2Fregistry.npm.taobao.org%2Fdiff%2Fdownload%2Fdiff-4.0.2.tgz",
      "integrity": "sha1-YPOuy4nV+uUgwRqhnvwruYKq3n0=",
      "dev": true
    },
    "get-package-bin": {
      "version": "0.1.0",
      "resolved": "https://registry.npmjs.org/get-package-bin/-/get-package-bin-0.1.0.tgz",
      "integrity": "sha512-COecITS0AtzeNPw01UO/5LzWq+eIltDAP90YgIXJ7QrrbQOOQeL691jnUzcJXA7hGg/2IOeg0BhqsP8eSaP41Q=="
    },
    "lodash": {
      "version": "4.17.15",
      "resolved": "https://registry.npmjs.org/lodash/-/lodash-4.17.15.tgz",
      "integrity": "sha512-8xOcRHvCjnocdS5cpwXQXVzmmh5e5+saE2QGoeQmbKmRS6J3VQppPOIt0MnmE+4xlZoumy0GPG0D0MVIQbNA1A=="
    },
    "make-error": {
      "version": "1.3.6",
      "resolved": "https://registry.npm.taobao.org/make-error/download/make-error-1.3.6.tgz",
      "integrity": "sha1-LrLjfqm2fEiR9oShOUeZr0hM96I=",
      "dev": true
    },
    "source-map": {
      "version": "0.6.1",
      "resolved": "https://registry.npmjs.org/source-map/-/source-map-0.6.1.tgz",
      "integrity": "sha512-UjgapumWlbMhkBgzT7Ykc5YXUT46F0iKu8SGXq0bcwP5dz/h0Plj6enJqjz1Zbq2l5WaqYnrVbwWOWMyF3F47g==",
      "dev": true
    },
    "source-map-support": {
      "version": "0.5.16",
      "resolved": "https://registry.npm.taobao.org/source-map-support/download/source-map-support-0.5.16.tgz?cache=0&other_urls=https%3A%2F%2Fregistry.npm.taobao.org%2Fsource-map-support%2Fdownload%2Fsource-map-support-0.5.16.tgz",
      "integrity": "sha1-CuBp5/47p1OMZMmFFeNTOerFoEI=",
      "dev": true,
      "requires": {
        "buffer-from": "^1.0.0",
        "source-map": "^0.6.0"
      }
    },
    "ts-node": {
      "version": "8.6.2",
      "resolved": "https://registry.npm.taobao.org/ts-node/download/ts-node-8.6.2.tgz",
      "integrity": "sha1-dBmgE5GoGPuvpvgmozwaE+lGTjU=",
      "dev": true,
      "requires": {
        "arg": "^4.1.0",
        "diff": "^4.0.1",
        "make-error": "^1.1.1",
        "source-map-support": "^0.5.6",
        "yn": "3.1.1"
      }
    },
    "typescript": {
      "version": "3.8.3",
      "resolved": "https://registry.npm.taobao.org/typescript/download/typescript-3.8.3.tgz?cache=0&sync_timestamp=1584429208210&other_urls=https%3A%2F%2Fregistry.npm.taobao.org%2Ftypescript%2Fdownload%2Ftypescript-3.8.3.tgz",
      "integrity": "sha1-QJ64VE6gM1cRIFhp7EWKsQnuEGE=",
      "dev": true
    },
    "webpack-merge": {
      "version": "4.2.2",
      "resolved": "https://registry.npmjs.org/webpack-merge/-/webpack-merge-4.2.2.tgz",
      "integrity": "sha512-TUE1UGoTX2Cd42j3krGYqObZbOD+xF7u28WB7tfUordytSjbWTIjK/8V0amkBfTYN4/pB/GIDlJZZ657BGG19g==",
      "requires": {
        "lodash": "^4.17.15"
      }
    },
    "yn": {
      "version": "3.1.1",
      "resolved": "https://registry.npm.taobao.org/yn/download/yn-3.1.1.tgz",
      "integrity": "sha1-HodAGgnXZ8HV6rJqbkwYUYLS61A=",
      "dev": true
    }
  }
}
